
Microsoft Visual Studio Solution File, Format Version 12.00
# Visual Studio Version 17
VisualStudioVersion = 17.0.31903.59
MinimumVisualStudioVersion = 10.0.40219.1
Project("{FAE04EC0-301F-11D3-BF4B-00C04F79EFBC}") = "Shellworks", "Shellworks.csproj", "{51B73D62-1C89-471B-A81E-D9C4F9170B73}"
EndProject
Project("{FAE04EC0-301F-11D3-BF4B-00C04F79EFBC}") = "GmmlHooker", "..\lib\gmml\GmmlHooker\GmmlHooker.csproj", "{F423EC32-C2CF-4EC1-B100-0B2887A927CE}"
EndProject
Project("{FAE04EC0-301F-11D3-BF4B-00C04F79EFBC}") = "GmmlPatcher", "..\lib\gmml\GmmlPatcher\GmmlPatcher.csproj", "{17A3BE11-9378-4602-A792-A69CFE600E76}"
EndProject
Project("{FAE04EC0-301F-11D3-BF4B-00C04F79EFBC}") = "UndertaleModLib", "..\lib\gmml\UndertaleModTool\UndertaleModLib\UndertaleModLib.csproj", "{7D034105-66CC-4D57-BA21-CFD87C315B03}"
EndProject
Global
	GlobalSection(SolutionConfigurationPlatforms) = preSolution
		Debug|Any CPU = Debug|Any CPU
		Release|Any CPU = Release|Any CPU
	EndGlobalSection
	GlobalSection(SolutionProperties) = preSolution
		HideSolutionNode = FALSE
	EndGlobalSection
	GlobalSection(ProjectConfigurationPlatforms) = postSolution
		{51B73D62-1C89-471B-A81E-D9C4F9170B73}.Debug|Any CPU.ActiveCfg = Debug|Any CPU
		{51B73D62-1C89-471B-A81E-D9C4F9170B73}.Debug|Any CPU.Build.0 = Debug|Any CPU
		{51B73D62-1C89-471B-A81E-D9C4F9170B73}.Release|Any CPU.ActiveCfg = Release|Any CPU
		{51B73D62-1C89-471B-A81E-D9C4F9170B73}.Release|Any CPU.Build.0 = Release|Any CPU
		{F423EC32-C2CF-4EC1-B100-0B2887A927CE}.Debug|Any CPU.ActiveCfg = Debug|Any CPU
		{F423EC32-C2CF-4EC1-B100-0B2887A927CE}.Debug|Any CPU.Build.0 = Debug|Any CPU
		{F423EC32-C2CF-4EC1-B100-0B2887A927CE}.Release|Any CPU.ActiveCfg = Release|Any CPU
		{F423EC32-C2CF-4EC1-B100-0B2887A927CE}.Release|Any CPU.Build.0 = Release|Any CPU
		{17A3BE11-9378-4602-A792-A69CFE600E76}.Debug|Any CPU.ActiveCfg = Debug|Any CPU
		{17A3BE11-9378-4602-A792-A69CFE600E76}.Debug|Any CPU.Build.0 = Debug|Any CPU
		{17A3BE11-9378-4602-A792-A69CFE600E76}.Release|Any CPU.ActiveCfg = Release|Any CPU
		{17A3BE11-9378-4602-A792-A69CFE600E76}.Release|Any CPU.Build.0 = Release|Any CPU
		{7D034105-66CC-4D57-BA21-CFD87C315B03}.Debug|Any CPU.ActiveCfg = Debug|Any CPU
		{7D034105-66CC-4D57-BA21-CFD87C315B03}.Debug|Any CPU.Build.0 = Debug|Any CPU
		{7D034105-66CC-4D57-BA21-CFD87C315B03}.Release|Any CPU.ActiveCfg = Release|Any CPU
		{7D034105-66CC-4D57-BA21-CFD87C315B03}.Release|Any CPU.Build.0 = Release|Any CPU
	EndGlobalSection
EndGlobal
